{
  "name": "pdf2json",
  "version": "1.0.0",
  "lockfileVersion": 3,
  "requires": true,
  "packages": {
    "": {
      "name": "pdf2json",
      "version": "1.0.0",
      "license": "ISC",
      "dependencies": {
        "pdf2json": "^3.0.3"
      }
    },
    "node_modules/pdf2json": {
      "version": "3.0.3",
      "resolved": "https://registry.npmjs.org/pdf2json/-/pdf2json-3.0.3.tgz",
      "integrity": "sha512-1K71aOP7s85JpAS/aurFG/ayti0T8B2qVv9YHQbcz4CBXXOLQTYMPKuDpkdMjq2ZbefybyX2KktYpaxVilOrQA==",
      "bundleDependencies": [
        "@xmldom/xmldom"
      ],
      "dependencies": {
        "@xmldom/xmldom": "^0.8.6"
      },
      "bin": {
        "pdf2json": "bin/pdf2json"
      },
      "engines": {
        "node": ">=18.12.1",
        "npm": ">=8.19.2"
      }
    },
    "node_modules/pdf2json/node_modules/@xmldom/xmldom": {
      "version": "0.8.6",
      "inBundle": true,
      "license": "MIT",
      "engines": {
        "node": ">=10.0.0"
      }
    }
  }
}
